
Microsoft Visual Studio Solution File, Format Version 12.00
# Visual Studio Version 16
VisualStudioVersion = 16.0.30225.117
MinimumVisualStudioVersion = 10.0.40219.1
Project("{9A19103F-16F7-4668-BE54-9A1E7A4F7556}") = "LiquidMetrix", "LiquidMetrix\LiquidMetrix.csproj", "{D46DA636-71E3-4265-A875-12F2FB08FC6C}"
EndProject
Project("{9A19103F-16F7-4668-BE54-9A1E7A4F7556}") = "LiquidMetrix.Test", "LiquidMetrix.Test\LiquidMetrix.Test.csproj", "{6D4AFA11-6FEB-47E0-8484-5E8DADB23699}"
EndProject
Global
	GlobalSection(SolutionConfigurationPlatforms) = preSolution
		Debug|Any CPU = Debug|Any CPU
		Release|Any CPU = Release|Any CPU
	EndGlobalSection
	GlobalSection(ProjectConfigurationPlatforms) = postSolution
		{D46DA636-71E3-4265-A875-12F2FB08FC6C}.Debug|Any CPU.ActiveCfg = Debug|Any CPU
		{D46DA636-71E3-4265-A875-12F2FB08FC6C}.Debug|Any CPU.Build.0 = Debug|Any CPU
		{D46DA636-71E3-4265-A875-12F2FB08FC6C}.Release|Any CPU.ActiveCfg = Release|Any CPU
		{D46DA636-71E3-4265-A875-12F2FB08FC6C}.Release|Any CPU.Build.0 = Release|Any CPU
		{6D4AFA11-6FEB-47E0-8484-5E8DADB23699}.Debug|Any CPU.ActiveCfg = Debug|Any CPU
		{6D4AFA11-6FEB-47E0-8484-5E8DADB23699}.Debug|Any CPU.Build.0 = Debug|Any CPU
		{6D4AFA11-6FEB-47E0-8484-5E8DADB23699}.Release|Any CPU.ActiveCfg = Release|Any CPU
		{6D4AFA11-6FEB-47E0-8484-5E8DADB23699}.Release|Any CPU.Build.0 = Release|Any CPU
	EndGlobalSection
	GlobalSection(SolutionProperties) = preSolution
		HideSolutionNode = FALSE
	EndGlobalSection
	GlobalSection(ExtensibilityGlobals) = postSolution
		SolutionGuid = {EDFE481B-F81D-43EE-BEAE-D58FDE17CBA8}
	EndGlobalSection
EndGlobal
